// !$*UTF8*$!
{
	archiveVersion = 1;
	classes = {
	};
	objectVersion = 46;
	objects = {

/* Begin PBXBuildFile section */
		382AC6BE1FD4405D00BDE12D /* TNTutorialManager.podspec in Resources */ = {isa = PBXBuildFile; fileRef = 382AC6BD1FD4405C00BDE12D /* TNTutorialManager.podspec */; };
		382AC6C01FD4427900BDE12D /* README.md in Resources */ = {isa = PBXBuildFile; fileRef = 382AC6BF1FD4427900BDE12D /* README.md */; };
		38AD3A221F09E4CF003C4498 /* DetailsViewController.m in Sources */ = {isa = PBXBuildFile; fileRef = 38AD3A211F09E4CF003C4498 /* DetailsViewController.m */; };
		38E9F8CB1F0059A70008FB02 /* main.m in Sources */ = {isa = PBXBuildFile; fileRef = 38E9F8CA1F0059A70008FB02 /* main.m */; };
		38E9F8CE1F0059A70008FB02 /* AppDelegate.m in Sources */ = {isa = PBXBuildFile; fileRef = 38E9F8CD1F0059A70008FB02 /* AppDelegate.m */; };
		38E9F8D11F0059A70008FB02 /* FirstViewController.m in Sources */ = {isa = PBXBuildFile; fileRef = 38E9F8D01F0059A70008FB02 /* FirstViewController.m */; };
		38E9F8D41F0059A70008FB02 /* SecondViewController.m in Sources */ = {isa = PBXBuildFile; fileRef = 38E9F8D31F0059A70008FB02 /* SecondViewController.m */; };
		38E9F8D71F0059A70008FB02 /* Main.storyboard in Resources */ = {isa = PBXBuildFile; fileRef = 38E9F8D51F0059A70008FB02 /* Main.storyboard */; };
		38E9F8D91F0059A70008FB02 /* Assets.xcassets in Resources */ = {isa = PBXBuildFile; fileRef = 38E9F8D81F0059A70008FB02 /* Assets.xcassets */; };
		38E9F8DC1F0059A70008FB02 /* LaunchScreen.storyboard in Resources */ = {isa = PBXBuildFile; fileRef = 38E9F8DA1F0059A70008FB02 /* LaunchScreen.storyboard */; };
		38E9F8E51F0059D60008FB02 /* TNTutorialManager.m in Sources */ = {isa = PBXBuildFile; fileRef = 38E9F8E41F0059D60008FB02 /* TNTutorialManager.m */; };
/* End PBXBuildFile section */

/* Begin PBXFileReference section */
		382AC6BD1FD4405C00BDE12D /* TNTutorialManager.podspec */ = {isa = PBXFileReference; fileEncoding = 4; lastKnownFileType = text; name = TNTutorialManager.podspec; path = ../../TNTutorialManager.podspec; sourceTree = "<group>"; };
		382AC6BF1FD4427900BDE12D /* README.md */ = {isa = PBXFileReference; fileEncoding = 4; lastKnownFileType = net.daringfireball.markdown; name = README.md; path = ../../README.md; sourceTree = "<group>"; };
		38AD3A201F09E4CF003C4498 /* DetailsViewController.h */ = {isa = PBXFileReference; fileEncoding = 4; lastKnownFileType = sourcecode.c.h; path = DetailsViewController.h; sourceTree = "<group>"; };
		38AD3A211F09E4CF003C4498 /* DetailsViewController.m */ = {isa = PBXFileReference; fileEncoding = 4; lastKnownFileType = sourcecode.c.objc; path = DetailsViewController.m; sourceTree = "<group>"; };
		38E9F8C61F0059A70008FB02 /* TNTutorialManagerSample.app */ = {isa = PBXFileReference; explicitFileType = wrapper.application; includeInIndex = 0; path = TNTutorialManagerSample.app; sourceTree = BUILT_PRODUCTS_DIR; };
		38E9F8CA1F0059A70008FB02 /* main.m */ = {isa = PBXFileReference; lastKnownFileType = sourcecode.c.objc; path = main.m; sourceTree = "<group>"; };
		38E9F8CC1F0059A70008FB02 /* AppDelegate.h */ = {isa = PBXFileReference; lastKnownFileType = sourcecode.c.h; path = AppDelegate.h; sourceTree = "<group>"; };
		38E9F8CD1F0059A70008FB02 /* AppDelegate.m */ = {isa = PBXFileReference; lastKnownFileType = sourcecode.c.objc; path = AppDelegate.m; sourceTree = "<group>"; };
		38E9F8CF1F0059A70008FB02 /* FirstViewController.h */ = {isa = PBXFileReference; lastKnownFileType = sourcecode.c.h; path = FirstViewController.h; sourceTree = "<group>"; };
		38E9F8D01F0059A70008FB02 /* FirstViewController.m */ = {isa = PBXFileReference; lastKnownFileType = sourcecode.c.objc; path = FirstViewController.m; sourceTree = "<group>"; };
		38E9F8D21F0059A70008FB02 /* SecondViewController.h */ = {isa = PBXFileReference; lastKnownFileType = sourcecode.c.h; path = SecondViewController.h; sourceTree = "<group>"; };
		38E9F8D31F0059A70008FB02 /* SecondViewController.m */ = {isa = PBXFileReference; lastKnownFileType = sourcecode.c.objc; path = SecondViewController.m; sourceTree = "<group>"; };
		38E9F8D61F0059A70008FB02 /* Base */ = {isa = PBXFileReference; lastKnownFileType = file.storyboard; name = Base; path = Base.lproj/Main.storyboard; sourceTree = "<group>"; };
		38E9F8D81F0059A70008FB02 /* Assets.xcassets */ = {isa = PBXFileReference; lastKnownFileType = folder.assetcatalog; path = Assets.xcassets; sourceTree = "<group>"; };
		38E9F8DB1F0059A70008FB02 /* Base */ = {isa = PBXFileReference; lastKnownFileType = file.storyboard; name = Base; path = Base.lproj/LaunchScreen.storyboard; sourceTree = "<group>"; };
		38E9F8DD1F0059A70008FB02 /* Info.plist */ = {isa = PBXFileReference; lastKnownFileType = text.plist.xml; path = Info.plist; sourceTree = "<group>"; };
		38E9F8E31F0059D60008FB02 /* TNTutorialManager.h */ = {isa = PBXFileReference; fileEncoding = 4; lastKnownFileType = sourcecode.c.h; name = TNTutorialManager.h; path = ../../TNTutorialManager/TNTutorialManager.h; sourceTree = "<group>"; };
		38E9F8E41F0059D60008FB02 /* TNTutorialManager.m */ = {isa = PBXFileReference; fileEncoding = 4; lastKnownFileType = sourcecode.c.objc; name = TNTutorialManager.m; path = ../../TNTutorialManager/TNTutorialManager.m; sourceTree = "<group>"; };
/* End PBXFileReference section */

/* Begin PBXFrameworksBuildPhase section */
		38E9F8C31F0059A70008FB02 /* Frameworks */ = {
			isa = PBXFrameworksBuildPhase;
			buildActionMask = 2147483647;
			files = (
			);
			runOnlyForDeploymentPostprocessing = 0;
		};
/* End PBXFrameworksBuildPhase section */

/* Begin PBXGroup section */
		38E9F8BD1F0059A70008FB02 = {
			isa = PBXGroup;
			children = (
				38E9F8C81F0059A70008FB02 /* TNTutorialManagerSample */,
				38E9F8C71F0059A70008FB02 /* Products */,
			);
			sourceTree = "<group>";
		};
		38E9F8C71F0059A70008FB02 /* Products */ = {
			isa = PBXGroup;
			children = (
				38E9F8C61F0059A70008FB02 /* TNTutorialManagerSample.app */,
			);
			name = Products;
			sourceTree = "<group>";
		};
		38E9F8C81F0059A70008FB02 /* TNTutorialManagerSample */ = {
			isa = PBXGroup;
			children = (
				382AC6BF1FD4427900BDE12D /* README.md */,
				382AC6BD1FD4405C00BDE12D /* TNTutorialManager.podspec */,
				38E9F8E61F0059DA0008FB02 /* TNTutorialManager */,
				38E9F8CC1F0059A70008FB02 /* AppDelegate.h */,
				38E9F8CD1F0059A70008FB02 /* AppDelegate.m */,
				38E9F8CF1F0059A70008FB02 /* FirstViewController.h */,
				38E9F8D01F0059A70008FB02 /* FirstViewController.m */,
				38E9F8D21F0059A70008FB02 /* SecondViewController.h */,
				38E9F8D31F0059A70008FB02 /* SecondViewController.m */,
				38AD3A201F09E4CF003C4498 /* DetailsViewController.h */,
				38AD3A211F09E4CF003C4498 /* DetailsViewController.m */,
				38E9F8D51F0059A70008FB02 /* Main.storyboard */,
				38E9F8D81F0059A70008FB02 /* Assets.xcassets */,
				38E9F8DA1F0059A70008FB02 /* LaunchScreen.storyboard */,
				38E9F8DD1F0059A70008FB02 /* Info.plist */,
				38E9F8C91F0059A70008FB02 /* Supporting Files */,
			);
			path = TNTutorialManagerSample;
			sourceTree = "<group>";
		};
		38E9F8C91F0059A70008FB02 /* Supporting Files */ = {
			isa = PBXGroup;
			children = (
				38E9F8CA1F0059A70008FB02 /* main.m */,
			);
			name = "Supporting Files";
			sourceTree = "<group>";
		};
		38E9F8E61F0059DA0008FB02 /* TNTutorialManager */ = {
			isa = PBXGroup;
			children = (
				38E9F8E31F0059D60008FB02 /* TNTutorialManager.h */,
				38E9F8E41F0059D60008FB02 /* TNTutorialManager.m */,
			);
			name = TNTutorialManager;
			sourceTree = "<group>";
		};
/* End PBXGroup section */

/* Begin PBXNativeTarget section */
		38E9F8C51F0059A70008FB02 /* TNTutorialManagerSample */ = {
			isa = PBXNativeTarget;
			buildConfigurationList = 38E9F8E01F0059A70008FB02 /* Build configuration list for PBXNativeTarget "TNTutorialManagerSample" */;
			buildPhases = (
				38E9F8C21F0059A70008FB02 /* Sources */,
				38E9F8C31F0059A70008FB02 /* Frameworks */,
				38E9F8C41F0059A70008FB02 /* Resources */,
			);
			buildRules = (
			);
			dependencies = (
			);
			name = TNTutorialManagerSample;
			productName = TNTutorialManagerSample;
			productReference = 38E9F8C61F0059A70008FB02 /* TNTutorialManagerSample.app */;
			productType = "com.apple.product-type.application";
		};
/* End PBXNativeTarget section */

/* Begin PBXProject section */
		38E9F8BE1F0059A70008FB02 /* Project object */ = {
			isa = PBXProject;
			attributes = {
				LastUpgradeCheck = 0920;
				ORGANIZATIONNAME = "Tawa Nicolas";
				TargetAttributes = {
					38E9F8C51F0059A70008FB02 = {
						CreatedOnToolsVersion = 8.3.3;
						DevelopmentTeam = DWW2N9PN49;
						LastSwiftMigration = 0830;
						ProvisioningStyle = Automatic;
					};
				};
			};
			buildConfigurationList = 38E9F8C11F0059A70008FB02 /* Build configuration list for PBXProject "TNTutorialManagerSample" */;
			compatibilityVersion = "Xcode 3.2";
			developmentRegion = English;
			hasScannedForEncodings = 0;
			knownRegions = (
				en,
				Base,
			);
			mainGroup = 38E9F8BD1F0059A70008FB02;
			productRefGroup = 38E9F8C71F0059A70008FB02 /* Products */;
			projectDirPath = "";
			projectRoot = "";
			targets = (
				38E9F8C51F0059A70008FB02 /* TNTutorialManagerSample */,
			);
		};
/* End PBXProject section */

/* Begin PBXResourcesBuildPhase section */
		38E9F8C41F0059A70008FB02 /* Resources */ = {
			isa = PBXResourcesBuildPhase;
			buildActionMask = 2147483647;
			files = (
				38E9F8DC1F0059A70008FB02 /* LaunchScreen.storyboard in Resources */,
				38E9F8D91F0059A70008FB02 /* Assets.xcassets in Resources */,
				382AC6C01FD4427900BDE12D /* README.md in Resources */,
				382AC6BE1FD4405D00BDE12D /* TNTutorialManager.podspec in Resources */,
				38E9F8D71F0059A70008FB02 /* Main.storyboard in Resources */,
			);
			runOnlyForDeploymentPostprocessing = 0;
		};
/* End PBXResourcesBuildPhase section */

/* Begin PBXSourcesBuildPhase section */
		38E9F8C21F0059A70008FB02 /* Sources */ = {
			isa = PBXSourcesBuildPhase;
			buildActionMask = 2147483647;
			files = (
				38E9F8D41F0059A70008FB02 /* SecondViewController.m in Sources */,
				38E9F8CE1F0059A70008FB02 /* AppDelegate.m in Sources */,
				38E9F8D11F0059A70008FB02 /* FirstViewController.m in Sources */,
				38AD3A221F09E4CF003C4498 /* DetailsViewController.m in Sources */,
				38E9F8CB1F0059A70008FB02 /* main.m in Sources */,
				38E9F8E51F0059D60008FB02 /* TNTutorialManager.m in Sources */,
			);
			runOnlyForDeploymentPostprocessing = 0;
		};
/* End PBXSourcesBuildPhase section */

/* Begin PBXVariantGroup section */
		38E9F8D51F0059A70008FB02 /* Main.storyboard */ = {
			isa = PBXVariantGroup;
			children = (
				38E9F8D61F0059A70008FB02 /* Base */,
			);
			name = Main.storyboard;
			sourceTree = "<group>";
		};
		38E9F8DA1F0059A70008FB02 /* LaunchScreen.storyboard */ = {
			isa = PBXVariantGroup;
			children = (
				38E9F8DB1F0059A70008FB02 /* Base */,
			);
			name = LaunchScreen.storyboard;
			sourceTree = "<group>";
		};
/* End PBXVariantGroup section */

/* Begin XCBuildConfiguration section */
		38E9F8DE1F0059A70008FB02 /* Debug */ = {
			isa = XCBuildConfiguration;
			buildSettings = {
				ALWAYS_SEARCH_USER_PATHS = NO;
				CLANG_ANALYZER_NONNULL = YES;
				CLANG_ANALYZER_NUMBER_OBJECT_CONVERSION = YES_AGGRESSIVE;
				CLANG_CXX_LANGUAGE_STANDARD = "gnu++0x";
				CLANG_CXX_LIBRARY = "libc++";
				CLANG_ENABLE_MODULES = YES;
				CLANG_ENABLE_OBJC_ARC = YES;
				CLANG_WARN_BLOCK_CAPTURE_AUTORELEASING = YES;
				CLANG_WARN_BOOL_CONVERSION = YES;
				CLANG_WARN_COMMA = YES;
				CLANG_WARN_CONSTANT_CONVERSION = YES;
				CLANG_WARN_DIRECT_OBJC_ISA_USAGE = YES_ERROR;
				CLANG_WARN_DOCUMENTATION_COMMENTS = YES;
				CLANG_WARN_EMPTY_BODY = YES;
				CLANG_WARN_ENUM_CONVERSION = YES;
				CLANG_WARN_INFINITE_RECURSION = YES;
				CLANG_WARN_INT_CONVERSION = YES;
				CLANG_WARN_NON_LITERAL_NULL_CONVERSION = YES;
				CLANG_WARN_OBJC_LITERAL_CONVERSION = YES;
				CLANG_WARN_OBJC_ROOT_CLASS = YES_ERROR;
				CLANG_WARN_RANGE_LOOP_ANALYSIS = YES;
				CLANG_WARN_STRICT_PROTOTYPES = YES;
				CLANG_WARN_SUSPICIOUS_MOVE = YES;
				CLANG_WARN_UNREACHABLE_CODE = YES;
				CLANG_WARN__DUPLICATE_METHOD_MATCH = YES;
				"CODE_SIGN_IDENTITY[sdk=iphoneos*]" = "iPhone Developer";
				COPY_PHASE_STRIP = NO;
				DEBUG_INFORMATION_FORMAT = dwarf;
				ENABLE_STRICT_OBJC_MSGSEND = YES;
				ENABLE_TESTABILITY = YES;
				GCC_C_LANGUAGE_STANDARD = gnu99;
				GCC_DYNAMIC_NO_PIC = NO;
				GCC_NO_COMMON_BLOCKS = YES;
				GCC_OPTIMIZATION_LEVEL = 0;
				GCC_PREPROCESSOR_DEFINITIONS = (
					"DEBUG=1",
					"$(inherited)",
				);
				GCC_WARN_64_TO_32_BIT_CONVERSION = YES;
				GCC_WARN_ABOUT_RETURN_TYPE = YES_ERROR;
				GCC_WARN_UNDECLARED_SELECTOR = YES;
				GCC_WARN_UNINITIALIZED_AUTOS = YES_AGGRESSIVE;
				GCC_WARN_UNUSED_FUNCTION = YES;
				GCC_WARN_UNUSED_VARIABLE = YES;
				IPHONEOS_DEPLOYMENT_TARGET = 10.3;
				MTL_ENABLE_DEBUG_INFO = YES;
				ONLY_ACTIVE_ARCH = YES;
				SDKROOT = iphoneos;
				TARGETED_DEVICE_FAMILY = "1,2";
			};
			name = Debug;
		};
		38E9F8DF1F0059A70008FB02 /* Release */ = {
			isa = XCBuildConfiguration;
			buildSettings = {
				ALWAYS_SEARCH_USER_PATHS = NO;
				CLANG_ANALYZER_NONNULL = YES;
				CLANG_ANALYZER_NUMBER_OBJECT_CONVERSION = YES_AGGRESSIVE;
				CLANG_CXX_LANGUAGE_STANDARD = "gnu++0x";
				CLANG_CXX_LIBRARY = "libc++";
				CLANG_ENABLE_MODULES = YES;
				CLANG_ENABLE_OBJC_ARC = YES;
				CLANG_WARN_BLOCK_CAPTURE_AUTORELEASING = YES;
				CLANG_WARN_BOOL_CONVERSION = YES;
				CLANG_WARN_COMMA = YES;
				CLANG_WARN_CONSTANT_CONVERSION = YES;
				CLANG_WARN_DIRECT_OBJC_ISA_USAGE = YES_ERROR;
				CLANG_WARN_DOCUMENTATION_COMMENTS = YES;
				CLANG_WARN_EMPTY_BODY = YES;
				CLANG_WARN_ENUM_CONVERSION = YES;
				CLANG_WARN_INFINITE_RECURSION = YES;
				CLANG_WARN_INT_CONVERSION = YES;
				CLANG_WARN_NON_LITERAL_NULL_CONVERSION = YES;
				CLANG_WARN_OBJC_LITERAL_CONVERSION = YES;
				CLANG_WARN_OBJC_ROOT_CLASS = YES_ERROR;
				CLANG_WARN_RANGE_LOOP_ANALYSIS = YES;
				CLANG_WARN_STRICT_PROTOTYPES = YES;
				CLANG_WARN_SUSPICIOUS_MOVE = YES;
				CLANG_WARN_UNREACHABLE_CODE = YES;
				CLANG_WARN__DUPLICATE_METHOD_MATCH = YES;
				"CODE_SIGN_IDENTITY[sdk=iphoneos*]" = "iPhone Developer";
				COPY_PHASE_STRIP = NO;
				DEBUG_INFORMATION_FORMAT = "dwarf-with-dsym";
				ENABLE_NS_ASSERTIONS = NO;
				ENABLE_STRICT_OBJC_MSGSEND = YES;
				GCC_C_LANGUAGE_STANDARD = gnu99;
				GCC_NO_COMMON_BLOCKS = YES;
				GCC_WARN_64_TO_32_BIT_CONVERSION = YES;
				GCC_WARN_ABOUT_RETURN_TYPE = YES_ERROR;
				GCC_WARN_UNDECLARED_SELECTOR = YES;
				GCC_WARN_UNINITIALIZED_AUTOS = YES_AGGRESSIVE;
				GCC_WARN_UNUSED_FUNCTION = YES;
				GCC_WARN_UNUSED_VARIABLE = YES;
				IPHONEOS_DEPLOYMENT_TARGET = 10.3;
				MTL_ENABLE_DEBUG_INFO = NO;
				SDKROOT = iphoneos;
				TARGETED_DEVICE_FAMILY = "1,2";
				VALIDATE_PRODUCT = YES;
			};
			name = Release;
		};
		38E9F8E11F0059A70008FB02 /* Debug */ = {
			isa = XCBuildConfiguration;
			buildSettings = {
				ASSETCATALOG_COMPILER_APPICON_NAME = AppIcon;
				CLANG_ENABLE_MODULES = YES;
				DEVELOPMENT_TEAM = DWW2N9PN49;
				INFOPLIST_FILE = TNTutorialManagerSample/Info.plist;
				LD_RUNPATH_SEARCH_PATHS = "$(inherited) @executable_path/Frameworks";
				PRODUCT_BUNDLE_IDENTIFIER = com.tawanicolas.TNTutorialManagerSample;
				PRODUCT_NAME = "$(TARGET_NAME)";
				SWIFT_OPTIMIZATION_LEVEL = "-Onone";
				SWIFT_VERSION = 3.0;
			};
			name = Debug;
		};
		38E9F8E21F0059A70008FB02 /* Release */ = {
			isa = XCBuildConfiguration;
			buildSettings = {
				ASSETCATALOG_COMPILER_APPICON_NAME = AppIcon;
				CLANG_ENABLE_MODULES = YES;
				DEVELOPMENT_TEAM = DWW2N9PN49;
				INFOPLIST_FILE = TNTutorialManagerSample/Info.plist;
				LD_RUNPATH_SEARCH_PATHS = "$(inherited) @executable_path/Frameworks";
				PRODUCT_BUNDLE_IDENTIFIER = com.tawanicolas.TNTutorialManagerSample;
				PRODUCT_NAME = "$(TARGET_NAME)";
				SWIFT_VERSION = 3.0;
			};
			name = Release;
		};
/* End XCBuildConfiguration section */

/* Begin XCConfigurationList section */
		38E9F8C11F0059A70008FB02 /* Build configuration list for PBXProject "TNTutorialManagerSample" */ = {
			isa = XCConfigurationList;
			buildConfigurations = (
				38E9F8DE1F0059A70008FB02 /* Debug */,
				38E9F8DF1F0059A70008FB02 /* Release */,
			);
			defaultConfigurationIsVisible = 0;
			defaultConfigurationName = Release;
		};
		38E9F8E01F0059A70008FB02 /* Build configuration list for PBXNativeTarget "TNTutorialManagerSample" */ = {
			isa = XCConfigurationList;
			buildConfigurations = (
				38E9F8E11F0059A70008FB02 /* Debug */,
				38E9F8E21F0059A70008FB02 /* Release */,
			);
			defaultConfigurationIsVisible = 0;
			defaultConfigurationName = Release;
		};
/* End XCConfigurationList section */
	};
	rootObject = 38E9F8BE1F0059A70008FB02 /* Project object */;
}
